Microsoft Visual Studio Solution File, Format Version 8.00
Project("{8BC9CEB8-8B4A-11D0-8D11-00A0C91BC942}") = "convolution", "convolution\convolution.vcproj", "{DF27C171-3209-4A26-9E45-4A60DDB7C408}"
	ProjectSection(ProjectDependencies) = postProject
	EndProjectSection
EndProject
Project("{8BC9CEB8-8B4A-11D0-8D11-00A0C91BC942}") = "error", "error\error.vcproj", "{09EC74B8-969C-4BDC-ABBC-CC3526EF65DE}"
	ProjectSection(ProjectDependencies) = postProject
	EndProjectSection
EndProject
Project("{8BC9CEB8-8B4A-11D0-8D11-00A0C91BC942}") = "image", "image\image.vcproj", "{CBBA1213-D17F-4626-9205-4F01109021F4}"
	ProjectSection(ProjectDependencies) = postProject
	EndProjectSection
EndProject
Project("{8BC9CEB8-8B4A-11D0-8D11-00A0C91BC942}") = "imgproc", "imgproc\imgproc.vcproj", "{8CBD8C9A-281F-4138-9AD6-DA43E687B8B4}"
	ProjectSection(ProjectDependencies) = postProject
	EndProjectSection
EndProject
Project("{8BC9CEB8-8B4A-11D0-8D11-00A0C91BC942}") = "impex", "impex\impex.vcproj", "{89438040-2675-4051-B8F8-9B17926982CE}"
	ProjectSection(ProjectDependencies) = postProject
	EndProjectSection
EndProject
Project("{8BC9CEB8-8B4A-11D0-8D11-00A0C91BC942}") = "morphology", "morphology\morphology.vcproj", "{82238335-B5DA-433B-950C-257AFFC2916C}"
	ProjectSection(ProjectDependencies) = postProject
	EndProjectSection
EndProject
Project("{8BC9CEB8-8B4A-11D0-8D11-00A0C91BC942}") = "simpleanalysis", "simpleanalysis\simpleanalysis.vcproj", "{00F39EC9-F0F8-494F-9E10-DC885E0EC5CA}"
	ProjectSection(ProjectDependencies) = postProject
	EndProjectSection
EndProject
Project("{8BC9CEB8-8B4A-11D0-8D11-00A0C91BC942}") = "colorspaces", "colorspaces\colorspaces.vcproj", "{3F020900-EF27-4445-AF48-E8444A01D33A}"
	ProjectSection(ProjectDependencies) = postProject
	EndProjectSection
EndProject
Project("{8BC9CEB8-8B4A-11D0-8D11-00A0C91BC942}") = "pixeltypes", "pixeltypes\pixeltypes.vcproj", "{213371EE-EAB1-4879-9D23-EC4499C22F8D}"
	ProjectSection(ProjectDependencies) = postProject
	EndProjectSection
EndProject
Project("{8BC9CEB8-8B4A-11D0-8D11-00A0C91BC942}") = "imagehierarchy", "imagehierarchy\imagehierarchy.vcproj", "{03F6A35C-E906-4616-B0B2-EF5A72A2FA09}"
	ProjectSection(ProjectDependencies) = postProject
	EndProjectSection
EndProject
Project("{8BC9CEB8-8B4A-11D0-8D11-00A0C91BC942}") = "fourier", "fourier\fourier.vcproj", "{F50BA3E6-22F6-42B4-8E0E-15FB88B4E8F7}"
	ProjectSection(ProjectDependencies) = postProject
	EndProjectSection
EndProject
Project("{8BC9CEB8-8B4A-11D0-8D11-00A0C91BC942}") = "multiarray", "multiarray\multiarray.vcproj", "{3545E46C-E9CC-4C7F-8922-3C2857D63A92}"
	ProjectSection(ProjectDependencies) = postProject
	EndProjectSection
EndProject
Project("{8BC9CEB8-8B4A-11D0-8D11-00A0C91BC942}") = "functorexpression", "functorexpression\functorexpression.vcproj", "{213371EE-EAB1-4879-9D23-EC4499C22F8D}"
	ProjectSection(ProjectDependencies) = postProject
	EndProjectSection
EndProject
Global
	GlobalSection(SolutionConfiguration) = preSolution
		Debug = Debug
		Release = Release
	EndGlobalSection
	GlobalSection(ProjectConfiguration) = postSolution
		{DF27C171-3209-4A26-9E45-4A60DDB7C408}.Debug.ActiveCfg = Debug|Win32
		{DF27C171-3209-4A26-9E45-4A60DDB7C408}.Debug.Build.0 = Debug|Win32
		{DF27C171-3209-4A26-9E45-4A60DDB7C408}.Release.ActiveCfg = Release|Win32
		{DF27C171-3209-4A26-9E45-4A60DDB7C408}.Release.Build.0 = Release|Win32
		{09EC74B8-969C-4BDC-ABBC-CC3526EF65DE}.Debug.ActiveCfg = Debug|Win32
		{09EC74B8-969C-4BDC-ABBC-CC3526EF65DE}.Debug.Build.0 = Debug|Win32
		{09EC74B8-969C-4BDC-ABBC-CC3526EF65DE}.Release.ActiveCfg = Release|Win32
		{09EC74B8-969C-4BDC-ABBC-CC3526EF65DE}.Release.Build.0 = Release|Win32
		{CBBA1213-D17F-4626-9205-4F01109021F4}.Debug.ActiveCfg = Debug|Win32
		{CBBA1213-D17F-4626-9205-4F01109021F4}.Debug.Build.0 = Debug|Win32
		{CBBA1213-D17F-4626-9205-4F01109021F4}.Release.ActiveCfg = Release|Win32
		{CBBA1213-D17F-4626-9205-4F01109021F4}.Release.Build.0 = Release|Win32
		{8CBD8C9A-281F-4138-9AD6-DA43E687B8B4}.Debug.ActiveCfg = Debug|Win32
		{8CBD8C9A-281F-4138-9AD6-DA43E687B8B4}.Debug.Build.0 = Debug|Win32
		{8CBD8C9A-281F-4138-9AD6-DA43E687B8B4}.Release.ActiveCfg = Release|Win32
		{8CBD8C9A-281F-4138-9AD6-DA43E687B8B4}.Release.Build.0 = Release|Win32
		{89438040-2675-4051-B8F8-9B17926982CE}.Debug.ActiveCfg = Debug|Win32
		{89438040-2675-4051-B8F8-9B17926982CE}.Debug.Build.0 = Debug|Win32
		{89438040-2675-4051-B8F8-9B17926982CE}.Release.ActiveCfg = Release|Win32
		{89438040-2675-4051-B8F8-9B17926982CE}.Release.Build.0 = Release|Win32
		{82238335-B5DA-433B-950C-257AFFC2916C}.Debug.ActiveCfg = Debug|Win32
		{82238335-B5DA-433B-950C-257AFFC2916C}.Debug.Build.0 = Debug|Win32
		{82238335-B5DA-433B-950C-257AFFC2916C}.Release.ActiveCfg = Release|Win32
		{82238335-B5DA-433B-950C-257AFFC2916C}.Release.Build.0 = Release|Win32
		{00F39EC9-F0F8-494F-9E10-DC885E0EC5CA}.Debug.ActiveCfg = Debug|Win32
		{00F39EC9-F0F8-494F-9E10-DC885E0EC5CA}.Debug.Build.0 = Debug|Win32
		{00F39EC9-F0F8-494F-9E10-DC885E0EC5CA}.Release.ActiveCfg = Release|Win32
		{00F39EC9-F0F8-494F-9E10-DC885E0EC5CA}.Release.Build.0 = Release|Win32
		{3F020900-EF27-4445-AF48-E8444A01D33A}.Debug.ActiveCfg = Debug|Win32
		{3F020900-EF27-4445-AF48-E8444A01D33A}.Debug.Build.0 = Debug|Win32
		{3F020900-EF27-4445-AF48-E8444A01D33A}.Release.ActiveCfg = Release|Win32
		{3F020900-EF27-4445-AF48-E8444A01D33A}.Release.Build.0 = Release|Win32
		{213371EE-EAB1-4879-9D23-EC4499C22F8D}.Debug.ActiveCfg = Debug|Win32
		{213371EE-EAB1-4879-9D23-EC4499C22F8D}.Debug.Build.0 = Debug|Win32
		{213371EE-EAB1-4879-9D23-EC4499C22F8D}.Release.ActiveCfg = Release|Win32
		{213371EE-EAB1-4879-9D23-EC4499C22F8D}.Release.Build.0 = Release|Win32
		{03F6A35C-E906-4616-B0B2-EF5A72A2FA09}.Debug.ActiveCfg = Debug|Win32
		{03F6A35C-E906-4616-B0B2-EF5A72A2FA09}.Debug.Build.0 = Debug|Win32
		{03F6A35C-E906-4616-B0B2-EF5A72A2FA09}.Release.ActiveCfg = Release|Win32
		{F50BA3E6-22F6-42B4-8E0E-15FB88B4E8F7}.Debug.ActiveCfg = Debug|Win32
		{F50BA3E6-22F6-42B4-8E0E-15FB88B4E8F7}.Debug.Build.0 = Debug|Win32
		{F50BA3E6-22F6-42B4-8E0E-15FB88B4E8F7}.Release.ActiveCfg = Release|Win32
		{F50BA3E6-22F6-42B4-8E0E-15FB88B4E8F7}.Release.Build.0 = Release|Win32
		{3545E46C-E9CC-4C7F-8922-3C2857D63A92}.Debug.ActiveCfg = Debug|Win32
		{3545E46C-E9CC-4C7F-8922-3C2857D63A92}.Debug.Build.0 = Debug|Win32
		{3545E46C-E9CC-4C7F-8922-3C2857D63A92}.Release.ActiveCfg = Release|Win32
		{3545E46C-E9CC-4C7F-8922-3C2857D63A92}.Release.Build.0 = Release|Win32
		{213371EE-EAB1-4879-9D23-EC4499C22F8D}.Debug.ActiveCfg = Debug|Win32
		{213371EE-EAB1-4879-9D23-EC4499C22F8D}.Debug.Build.0 = Debug|Win32
		{213371EE-EAB1-4879-9D23-EC4499C22F8D}.Release.ActiveCfg = Release|Win32
		{213371EE-EAB1-4879-9D23-EC4499C22F8D}.Release.Build.0 = Release|Win32
	EndGlobalSection
	GlobalSection(ExtensibilityGlobals) = postSolution
	EndGlobalSection
	GlobalSection(ExtensibilityAddIns) = postSolution
	EndGlobalSection
EndGlobal
